# This file is automatically @generated by Cargo.
# It is not intended for manual editing.
version = 4

[[package]]
name = "bav-encode"
version = "0.1.0"
dependencies = [
 "bav-format",
]

[[package]]
name = "bav-engine"
version = "0.1.0"
dependencies = [
 "bav-format",
]

[[package]]
name = "bav-format"
version = "0.1.0"
